PODS:
  - SocialBluetooth (0.0.2)

DEPENDENCIES:
  - SocialBluetooth (from `https://www.github.com/joenewbry/SocialBluetooth.git`)

EXTERNAL SOURCES:
  SocialBluetooth:
    :git: https://www.github.com/joenewbry/SocialBluetooth.git

SPEC CHECKSUMS:
  SocialBluetooth: 2c52ce85bdf2a3638eca1d9e0665f65d170dc692

COCOAPODS: 0.32.1
